Microsoft Visual Studio Solution File, Format Version 12.00
# Visual Studio Version 17
VisualStudioVersion = 17.5.2.0
MinimumVisualStudioVersion = 10.0.40219.1
Project("{FAE04EC0-301F-11D3-BF4B-00C04F79EFBC}") = "Fase2", "Fase2.csproj", "{AAFED88F-97D2-0EB9-4E3F-F77BE5706856}"
EndProject
Global
	GlobalSection(SolutionConfigurationPlatforms) = preSolution
		Debug|Any CPU = Debug|Any CPU
		Release|Any CPU = Release|Any CPU
	EndGlobalSection
	GlobalSection(ProjectConfigurationPlatforms) = postSolution
		{AAFED88F-97D2-0EB9-4E3F-F77BE5706856}.Debug|Any CPU.ActiveCfg = Debug|Any CPU
		{AAFED88F-97D2-0EB9-4E3F-F77BE5706856}.Debug|Any CPU.Build.0 = Debug|Any CPU
		{AAFED88F-97D2-0EB9-4E3F-F77BE5706856}.Release|Any CPU.ActiveCfg = Release|Any CPU
		{AAFED88F-97D2-0EB9-4E3F-F77BE5706856}.Release|Any CPU.Build.0 = Release|Any CPU
	EndGlobalSection
	GlobalSection(SolutionProperties) = preSolution
		HideSolutionNode = FALSE
	EndGlobalSection
	GlobalSection(ExtensibilityGlobals) = postSolution
		SolutionGuid = {918B652C-5D41-4DC1-9928-B3C2ECEEB4D2}
	EndGlobalSection
EndGlobal
