Microsoft Visual Studio Solution File, Format Version 12.00
# Visual Studio Version 17
VisualStudioVersion = 17.5.2.0
MinimumVisualStudioVersion = 10.0.40219.1
Project("{FAE04EC0-301F-11D3-BF4B-00C04F79EFBC}") = "Fase3", "Fase3.csproj", "{2F5139B3-8555-525A-C0EB-67B6C9BC672D}"
EndProject
Global
	GlobalSection(SolutionConfigurationPlatforms) = preSolution
		Debug|Any CPU = Debug|Any CPU
		Release|Any CPU = Release|Any CPU
	EndGlobalSection
	GlobalSection(ProjectConfigurationPlatforms) = postSolution
		{2F5139B3-8555-525A-C0EB-67B6C9BC672D}.Debug|Any CPU.ActiveCfg = Debug|Any CPU
		{2F5139B3-8555-525A-C0EB-67B6C9BC672D}.Debug|Any CPU.Build.0 = Debug|Any CPU
		{2F5139B3-8555-525A-C0EB-67B6C9BC672D}.Release|Any CPU.ActiveCfg = Release|Any CPU
		{2F5139B3-8555-525A-C0EB-67B6C9BC672D}.Release|Any CPU.Build.0 = Release|Any CPU
	EndGlobalSection
	GlobalSection(SolutionProperties) = preSolution
		HideSolutionNode = FALSE
	EndGlobalSection
	GlobalSection(ExtensibilityGlobals) = postSolution
		SolutionGuid = {F3E16336-9AEB-45E2-AD28-204797908527}
	EndGlobalSection
EndGlobal
