Microsoft Visual Studio Solution File, Format Version 12.00
# Visual Studio Version 17
VisualStudioVersion = 17.5.2.0
MinimumVisualStudioVersion = 10.0.40219.1
Project("{FAE04EC0-301F-11D3-BF4B-00C04F79EFBC}") = "Fase1", "Fase1.csproj", "{0EFACCF9-8B43-F2BB-DF97-34F065CD63FF}"
EndProject
Global
	GlobalSection(SolutionConfigurationPlatforms) = preSolution
		Debug|Any CPU = Debug|Any CPU
		Release|Any CPU = Release|Any CPU
	EndGlobalSection
	GlobalSection(ProjectConfigurationPlatforms) = postSolution
		{0EFACCF9-8B43-F2BB-DF97-34F065CD63FF}.Debug|Any CPU.ActiveCfg = Debug|Any CPU
		{0EFACCF9-8B43-F2BB-DF97-34F065CD63FF}.Debug|Any CPU.Build.0 = Debug|Any CPU
		{0EFACCF9-8B43-F2BB-DF97-34F065CD63FF}.Release|Any CPU.ActiveCfg = Release|Any CPU
		{0EFACCF9-8B43-F2BB-DF97-34F065CD63FF}.Release|Any CPU.Build.0 = Release|Any CPU
	EndGlobalSection
	GlobalSection(SolutionProperties) = preSolution
		HideSolutionNode = FALSE
	EndGlobalSection
	GlobalSection(ExtensibilityGlobals) = postSolution
		SolutionGuid = {90090672-F1BC-4C6A-8055-8716FABE6F7C}
	EndGlobalSection
EndGlobal
